
Microsoft Visual Studio Solution File, Format Version 12.00
# Visual Studio Version 16
VisualStudioVersion = 16.0.30503.244
MinimumVisualStudioVersion = 10.0.40219.1
Project("{FAE04EC0-301F-11D3-BF4B-00C04F79EFBC}") = "WordSolver", "WordSolver\WordSolver.csproj", "{8FCDB3B8-2003-41E9-BE2B-416B7DC934F5}"
EndProject
Global
	GlobalSection(SolutionConfigurationPlatforms) = preSolution
		Debug|Any CPU = Debug|Any CPU
		Release|Any CPU = Release|Any CPU
	EndGlobalSection
	GlobalSection(ProjectConfigurationPlatforms) = postSolution
		{8FCDB3B8-2003-41E9-BE2B-416B7DC934F5}.Debug|Any CPU.ActiveCfg = Debug|Any CPU
		{8FCDB3B8-2003-41E9-BE2B-416B7DC934F5}.Debug|Any CPU.Build.0 = Debug|Any CPU
		{8FCDB3B8-2003-41E9-BE2B-416B7DC934F5}.Release|Any CPU.ActiveCfg = Release|Any CPU
		{8FCDB3B8-2003-41E9-BE2B-416B7DC934F5}.Release|Any CPU.Build.0 = Release|Any CPU
	EndGlobalSection
	GlobalSection(SolutionProperties) = preSolution
		HideSolutionNode = FALSE
	EndGlobalSection
	GlobalSection(ExtensibilityGlobals) = postSolution
		SolutionGuid = {0886120D-BFCA-4A49-8717-FCAF4AB0AA16}
	EndGlobalSection
EndGlobal
